
Microsoft Visual Studio Solution File, Format Version 12.00
# Visual Studio Version 16
VisualStudioVersion = 16.0.29911.84
MinimumVisualStudioVersion = 10.0.40219.1
Project("{FAE04EC0-301F-11D3-BF4B-00C04F79EFBC}") = "wpozyczalniaSamochodow", "wpozyczalniaSamochodow\wpozyczalniaSamochodow.csproj", "{180B164A-90E2-4855-B7FD-B2813114ABB5}"
EndProject
Global
	GlobalSection(SolutionConfigurationPlatforms) = preSolution
		Debug|Any CPU = Debug|Any CPU
		Release|Any CPU = Release|Any CPU
	EndGlobalSection
	GlobalSection(ProjectConfigurationPlatforms) = postSolution
		{180B164A-90E2-4855-B7FD-B2813114ABB5}.Debug|Any CPU.ActiveCfg = Debug|Any CPU
		{180B164A-90E2-4855-B7FD-B2813114ABB5}.Debug|Any CPU.Build.0 = Debug|Any CPU
		{180B164A-90E2-4855-B7FD-B2813114ABB5}.Release|Any CPU.ActiveCfg = Release|Any CPU
		{180B164A-90E2-4855-B7FD-B2813114ABB5}.Release|Any CPU.Build.0 = Release|Any CPU
	EndGlobalSection
	GlobalSection(SolutionProperties) = preSolution
		HideSolutionNode = FALSE
	EndGlobalSection
	GlobalSection(ExtensibilityGlobals) = postSolution
		SolutionGuid = {FE7E46E3-7781-48B4-8B14-2C8EC2B5020F}
	EndGlobalSection
EndGlobal
